// !$*UTF8*$!
{
	archiveVersion = 1;
	classes = {
	};
	objectVersion = 48;
	objects = {

/* Begin PBXBuildFile section */
		241122A2218B82A700C29B1D /* FirebaseDatabase.swift in Sources */ = {isa = PBXBuildFile; fileRef = 241122A1218B82A700C29B1D /* FirebaseDatabase.swift */; };
		24A0250C2183C96D007F91A3 /* GoogleService-Info.plist in Resources */ = {isa = PBXBuildFile; fileRef = 24A0250B2183C96D007F91A3 /* GoogleService-Info.plist */; };
		24B447E721559D4F002E4425 /* AppDelegate.swift in Sources */ = {isa = PBXBuildFile; fileRef = 24B447E621559D4F002E4425 /* AppDelegate.swift */; };
		24B447E921559D4F002E4425 /* PatientsHomeViewController.swift in Sources */ = {isa = PBXBuildFile; fileRef = 24B447E821559D4F002E4425 /* PatientsHomeViewController.swift */; };
		24B447EB21559D4F002E4425 /* ContactsViewController.swift in Sources */ = {isa = PBXBuildFile; fileRef = 24B447EA21559D4F002E4425 /* ContactsViewController.swift */; };
		24B447EE21559D4F002E4425 /* Main.storyboard in Resources */ = {isa = PBXBuildFile; fileRef = 24B447EC21559D4F002E4425 /* Main.storyboard */; };
		24B447F021559D4F002E4425 /* Assets.xcassets in Resources */ = {isa = PBXBuildFile; fileRef = 24B447EF21559D4F002E4425 /* Assets.xcassets */; };
		24B447F321559D4F002E4425 /* LaunchScreen.storyboard in Resources */ = {isa = PBXBuildFile; fileRef = 24B447F121559D4F002E4425 /* LaunchScreen.storyboard */; };
		24F8EBB32187ADDA0069EA00 /* UserSelectorViewController.swift in Sources */ = {isa = PBXBuildFile; fileRef = 24F8EBB22187ADDA0069EA00 /* UserSelectorViewController.swift */; };
		4E3D9281892FECD53164A29F /* Pods_Remembral.framework in Frameworks */ = {isa = PBXBuildFile; fileRef = 9B6B425BB220573E0A6FCFA9 /* Pods_Remembral.framework */; };
		C48F09D3218BF54600CEB128 /* CollectionViewCell.swift in Sources */ = {isa = PBXBuildFile; fileRef = C48F09D2218BF54500CEB128 /* CollectionViewCell.swift */; };
		C48F09D5218BF59200CEB128 /* EditPersonalInfoViewController.swift in Sources */ = {isa = PBXBuildFile; fileRef = C48F09D4218BF59200CEB128 /* EditPersonalInfoViewController.swift */; };
		FB196335218D53A0003C604E /* CaretakerReminderViewController.swift in Sources */ = {isa = PBXBuildFile; fileRef = FB196334218D53A0003C604E /* CaretakerReminderViewController.swift */; };
		FB196337218D56BE003C604E /* CaretakerHomeViewController.swift in Sources */ = {isa = PBXBuildFile; fileRef = FB196336218D56BE003C604E /* CaretakerHomeViewController.swift */; };
		FB1B9AA9218E523F00D8A0B7 /* RemembralTests.swift in Sources */ = {isa = PBXBuildFile; fileRef = FB1B9AA8218E523F00D8A0B7 /* RemembralTests.swift */; };
		FB1B9AB1218E53E600D8A0B7 /* ReminderTests.swift in Sources */ = {isa = PBXBuildFile; fileRef = FB1B9AB0218E53E600D8A0B7 /* ReminderTests.swift */; };
		FB62D136217910D80048D9EA /* MapViewController.swift in Sources */ = {isa = PBXBuildFile; fileRef = FB62D135217910D80048D9EA /* MapViewController.swift */; };
		FB651A5D218A73D4004A9B61 /* ReminderTableViewCell.swift in Sources */ = {isa = PBXBuildFile; fileRef = FB651A5C218A73D4004A9B61 /* ReminderTableViewCell.swift */; };
		FB8D2B7A218A8186001B81D3 /* PatientTabBarViewController.swift in Sources */ = {isa = PBXBuildFile; fileRef = FB8D2B79218A8186001B81D3 /* PatientTabBarViewController.swift */; };
		FBFE7BD3218E5FD300177BA1 /* PatientUITests.swift in Sources */ = {isa = PBXBuildFile; fileRef = FBFE7BD2218E5FD300177BA1 /* PatientUITests.swift */; };
		FBFE7BD5218E8CC000177BA1 /* CaretakerUITest.swift in Sources */ = {isa = PBXBuildFile; fileRef = FBFE7BD4218E8CC000177BA1 /* CaretakerUITest.swift */; };
		FF557EE32186B80900644DEF /* ReminderViewController.swift in Sources */ = {isa = PBXBuildFile; fileRef = FF557EE22186B80900644DEF /* ReminderViewController.swift */; };
		FFD6D3B32188D7DE0026EBB9 /* AddReminderViewController.swift in Sources */ = {isa = PBXBuildFile; fileRef = FFD6D3B22188D7DE0026EBB9 /* AddReminderViewController.swift */; };
		FFE21D55219A14FE008E624E /* CaretakerMapViewController.swift in Sources */ = {isa = PBXBuildFile; fileRef = FFE21D54219A14FD008E624E /* CaretakerMapViewController.swift */; };
/* End PBXBuildFile section */

/* Begin PBXContainerItemProxy section */
		FB1B9AAB218E523F00D8A0B7 /* PBXContainerItemProxy */ = {
			isa = PBXContainerItemProxy;
			containerPortal = 24B447DB21559D4F002E4425 /* Project object */;
			proxyType = 1;
			remoteGlobalIDString = 24B447E221559D4F002E4425;
			remoteInfo = Remembral;
		};
		FB1B9ABD218E589A00D8A0B7 /* PBXContainerItemProxy */ = {
			isa = PBXContainerItemProxy;
			containerPortal = 24B447DB21559D4F002E4425 /* Project object */;
			proxyType = 1;
			remoteGlobalIDString = 24B447E221559D4F002E4425;
			remoteInfo = Remembral;
		};
/* End PBXContainerItemProxy section */

/* Begin PBXFileReference section */
		18BA0D1F5C3C264CE6C13FE7 /* Pods-Remembral.debug.xcconfig */ = {isa = PBXFileReference; includeInIndex = 1; lastKnownFileType = text.xcconfig; name = "Pods-Remembral.debug.xcconfig"; path = "Pods/Target Support Files/Pods-Remembral/Pods-Remembral.debug.xcconfig"; sourceTree = "<group>"; };
		241122A1218B82A700C29B1D /* FirebaseDatabase.swift */ = {isa = PBXFileReference; lastKnownFileType = sourcecode.swift; path = FirebaseDatabase.swift; sourceTree = "<group>"; };
		24A0250B2183C96D007F91A3 /* GoogleService-Info.plist */ = {isa = PBXFileReference; fileEncoding = 4; lastKnownFileType = text.plist.xml; path = "GoogleService-Info.plist"; sourceTree = "<group>"; };
		24B447E321559D4F002E4425 /* Remembral.app */ = {isa = PBXFileReference; explicitFileType = wrapper.application; includeInIndex = 0; path = Remembral.app; sourceTree = BUILT_PRODUCTS_DIR; };
		24B447E621559D4F002E4425 /* AppDelegate.swift */ = {isa = PBXFileReference; lastKnownFileType = sourcecode.swift; path = AppDelegate.swift; sourceTree = "<group>"; };
		24B447E821559D4F002E4425 /* PatientsHomeViewController.swift */ = {isa = PBXFileReference; lastKnownFileType = sourcecode.swift; path = PatientsHomeViewController.swift; sourceTree = "<group>"; };
		24B447EA21559D4F002E4425 /* ContactsViewController.swift */ = {isa = PBXFileReference; lastKnownFileType = sourcecode.swift; path = ContactsViewController.swift; sourceTree = "<group>"; };
		24B447ED21559D4F002E4425 /* Base */ = {isa = PBXFileReference; lastKnownFileType = file.storyboard; name = Base; path = Base.lproj/Main.storyboard; sourceTree = "<group>"; };
		24B447EF21559D4F002E4425 /* Assets.xcassets */ = {isa = PBXFileReference; lastKnownFileType = folder.assetcatalog; path = Assets.xcassets; sourceTree = "<group>"; };
		24B447F221559D4F002E4425 /* Base */ = {isa = PBXFileReference; lastKnownFileType = file.storyboard; name = Base; path = Base.lproj/LaunchScreen.storyboard; sourceTree = "<group>"; };
		24B447F421559D4F002E4425 /* Info.plist */ = {isa = PBXFileReference; lastKnownFileType = text.plist.xml; path = Info.plist; sourceTree = "<group>"; };
		24F8EBB22187ADDA0069EA00 /* UserSelectorViewController.swift */ = {isa = PBXFileReference; lastKnownFileType = sourcecode.swift; path = UserSelectorViewController.swift; sourceTree = "<group>"; };
		54567D690C3D2D53F6CAACF8 /* Pods-Remembral.release.xcconfig */ = {isa = PBXFileReference; includeInIndex = 1; lastKnownFileType = text.xcconfig; name = "Pods-Remembral.release.xcconfig"; path = "Pods/Target Support Files/Pods-Remembral/Pods-Remembral.release.xcconfig"; sourceTree = "<group>"; };
		9B6B425BB220573E0A6FCFA9 /* Pods_Remembral.framework */ = {isa = PBXFileReference; explicitFileType = wrapper.framework; includeInIndex = 0; path = Pods_Remembral.framework; sourceTree = BUILT_PRODUCTS_DIR; };
		C48F09D2218BF54500CEB128 /* CollectionViewCell.swift */ = {isa = PBXFileReference; lastKnownFileType = sourcecode.swift; path = CollectionViewCell.swift; sourceTree = "<group>"; };
		C48F09D4218BF59200CEB128 /* EditPersonalInfoViewController.swift */ = {isa = PBXFileReference; lastKnownFileType = sourcecode.swift; path = EditPersonalInfoViewController.swift; sourceTree = "<group>"; };
		FB196334218D53A0003C604E /* CaretakerReminderViewController.swift */ = {isa = PBXFileReference; lastKnownFileType = sourcecode.swift; path = CaretakerReminderViewController.swift; sourceTree = "<group>"; };
		FB196336218D56BE003C604E /* CaretakerHomeViewController.swift */ = {isa = PBXFileReference; lastKnownFileType = sourcecode.swift; path = CaretakerHomeViewController.swift; sourceTree = "<group>"; };
		FB1B9AA6218E523E00D8A0B7 /* RemembralTests.xctest */ = {isa = PBXFileReference; explicitFileType = wrapper.cfbundle; includeInIndex = 0; path = RemembralTests.xctest; sourceTree = BUILT_PRODUCTS_DIR; };
		FB1B9AA8218E523F00D8A0B7 /* RemembralTests.swift */ = {isa = PBXFileReference; lastKnownFileType = sourcecode.swift; path = RemembralTests.swift; sourceTree = "<group>"; };
		FB1B9AAA218E523F00D8A0B7 /* Info.plist */ = {isa = PBXFileReference; lastKnownFileType = text.plist.xml; path = Info.plist; sourceTree = "<group>"; };
		FB1B9AB0218E53E600D8A0B7 /* ReminderTests.swift */ = {isa = PBXFileReference; lastKnownFileType = sourcecode.swift; path = ReminderTests.swift; sourceTree = "<group>"; };
		FB1B9AB8218E589A00D8A0B7 /* RemembralUITests.xctest */ = {isa = PBXFileReference; explicitFileType = wrapper.cfbundle; includeInIndex = 0; path = RemembralUITests.xctest; sourceTree = BUILT_PRODUCTS_DIR; };
		FB1B9ABC218E589A00D8A0B7 /* Info.plist */ = {isa = PBXFileReference; lastKnownFileType = text.plist.xml; path = Info.plist; sourceTree = "<group>"; };
		FB62D135217910D80048D9EA /* MapViewController.swift */ = {isa = PBXFileReference; lastKnownFileType = sourcecode.swift; path = MapViewController.swift; sourceTree = "<group>"; };
		FB651A5C218A73D4004A9B61 /* ReminderTableViewCell.swift */ = {isa = PBXFileReference; lastKnownFileType = sourcecode.swift; path = ReminderTableViewCell.swift; sourceTree = "<group>"; };
		FB8D2B79218A8186001B81D3 /* PatientTabBarViewController.swift */ = {isa = PBXFileReference; lastKnownFileType = sourcecode.swift; path = PatientTabBarViewController.swift; sourceTree = "<group>"; };
		FBFE7BD2218E5FD300177BA1 /* PatientUITests.swift */ = {isa = PBXFileReference; lastKnownFileType = sourcecode.swift; path = PatientUITests.swift; sourceTree = "<group>"; };
		FBFE7BD4218E8CC000177BA1 /* CaretakerUITest.swift */ = {isa = PBXFileReference; lastKnownFileType = sourcecode.swift; path = CaretakerUITest.swift; sourceTree = "<group>"; };
		FF557EE22186B80900644DEF /* ReminderViewController.swift */ = {isa = PBXFileReference; lastKnownFileType = sourcecode.swift; path = ReminderViewController.swift; sourceTree = "<group>"; };
		FFD6D3B22188D7DE0026EBB9 /* AddReminderViewController.swift */ = {isa = PBXFileReference; lastKnownFileType = sourcecode.swift; path = AddReminderViewController.swift; sourceTree = "<group>"; };
		FFE21D54219A14FD008E624E /* CaretakerMapViewController.swift */ = {isa = PBXFileReference; lastKnownFileType = sourcecode.swift; path = CaretakerMapViewController.swift; sourceTree = "<group>"; };
/* End PBXFileReference section */

/* Begin PBXFrameworksBuildPhase section */
		24B447E021559D4F002E4425 /* Frameworks */ = {
			isa = PBXFrameworksBuildPhase;
			buildActionMask = 2147483647;
			files = (
				4E3D9281892FECD53164A29F /* Pods_Remembral.framework in Frameworks */,
			);
			runOnlyForDeploymentPostprocessing = 0;
		};
		FB1B9AA3218E523E00D8A0B7 /* Frameworks */ = {
			isa = PBXFrameworksBuildPhase;
			buildActionMask = 2147483647;
			files = (
			);
			runOnlyForDeploymentPostprocessing = 0;
		};
		FB1B9AB5218E589A00D8A0B7 /* Frameworks */ = {
			isa = PBXFrameworksBuildPhase;
			buildActionMask = 2147483647;
			files = (
			);
			runOnlyForDeploymentPostprocessing = 0;
		};
/* End PBXFrameworksBuildPhase section */

/* Begin PBXGroup section */
		24B447DA21559D4F002E4425 = {
			isa = PBXGroup;
			children = (
				24B447E521559D4F002E4425 /* Remembral */,
				FB1B9AA7218E523E00D8A0B7 /* RemembralTests */,
				FB1B9AB9218E589A00D8A0B7 /* RemembralUITests */,
				24B447E421559D4F002E4425 /* Products */,
				71CFF0B6F5A977DF8D675ADD /* Pods */,
				6B1896D2F27688EE77409994 /* Frameworks */,
			);
			sourceTree = "<group>";
		};
		24B447E421559D4F002E4425 /* Products */ = {
			isa = PBXGroup;
			children = (
				24B447E321559D4F002E4425 /* Remembral.app */,
				FB1B9AA6218E523E00D8A0B7 /* RemembralTests.xctest */,
				FB1B9AB8218E589A00D8A0B7 /* RemembralUITests.xctest */,
			);
			name = Products;
			sourceTree = "<group>";
		};
		24B447E521559D4F002E4425 /* Remembral */ = {
			isa = PBXGroup;
			children = (
				241122A1218B82A700C29B1D /* FirebaseDatabase.swift */,
				24F8EBB22187ADDA0069EA00 /* UserSelectorViewController.swift */,
				24B447E621559D4F002E4425 /* AppDelegate.swift */,
				24B447E821559D4F002E4425 /* PatientsHomeViewController.swift */,
				24B447EA21559D4F002E4425 /* ContactsViewController.swift */,
				FF557EE22186B80900644DEF /* ReminderViewController.swift */,
				FB196336218D56BE003C604E /* CaretakerHomeViewController.swift */,
				FB196334218D53A0003C604E /* CaretakerReminderViewController.swift */,
				FFE21D54219A14FD008E624E /* CaretakerMapViewController.swift */,
				FFD6D3B22188D7DE0026EBB9 /* AddReminderViewController.swift */,
				FB62D135217910D80048D9EA /* MapViewController.swift */,
				24B447EC21559D4F002E4425 /* Main.storyboard */,
				FB8D2B79218A8186001B81D3 /* PatientTabBarViewController.swift */,
				FB651A5C218A73D4004A9B61 /* ReminderTableViewCell.swift */,
				24B447EF21559D4F002E4425 /* Assets.xcassets */,
				24B447F121559D4F002E4425 /* LaunchScreen.storyboard */,
				24B447F421559D4F002E4425 /* Info.plist */,
				C48F09D4218BF59200CEB128 /* EditPersonalInfoViewController.swift */,
				C48F09D2218BF54500CEB128 /* CollectionViewCell.swift */,
				24A0250B2183C96D007F91A3 /* GoogleService-Info.plist */,
			);
			path = Remembral;
			sourceTree = "<group>";
		};
		6B1896D2F27688EE77409994 /* Frameworks */ = {
			isa = PBXGroup;
			children = (
				9B6B425BB220573E0A6FCFA9 /* Pods_Remembral.framework */,
			);
			name = Frameworks;
			sourceTree = "<group>";
		};
		71CFF0B6F5A977DF8D675ADD /* Pods */ = {
			isa = PBXGroup;
			children = (
				18BA0D1F5C3C264CE6C13FE7 /* Pods-Remembral.debug.xcconfig */,
				54567D690C3D2D53F6CAACF8 /* Pods-Remembral.release.xcconfig */,
			);
			name = Pods;
			sourceTree = "<group>";
		};
		FB1B9AA7218E523E00D8A0B7 /* RemembralTests */ = {
			isa = PBXGroup;
			children = (
				FB1B9AA8218E523F00D8A0B7 /* RemembralTests.swift */,
				FB1B9AB0218E53E600D8A0B7 /* ReminderTests.swift */,
				FB1B9AAA218E523F00D8A0B7 /* Info.plist */,
			);
			path = RemembralTests;
			sourceTree = "<group>";
		};
		FB1B9AB9218E589A00D8A0B7 /* RemembralUITests */ = {
			isa = PBXGroup;
			children = (
				FBFE7BD4218E8CC000177BA1 /* CaretakerUITest.swift */,
				FBFE7BD2218E5FD300177BA1 /* PatientUITests.swift */,
				FB1B9ABC218E589A00D8A0B7 /* Info.plist */,
			);
			path = RemembralUITests;
			sourceTree = "<group>";
		};
/* End PBXGroup section */

/* Begin PBXNativeTarget section */
		24B447E221559D4F002E4425 /* Remembral */ = {
			isa = PBXNativeTarget;
			buildConfigurationList = 24B447F721559D4F002E4425 /* Build configuration list for PBXNativeTarget "Remembral" */;
			buildPhases = (
				C49CE3F9D81C139C3D9E5044 /* [CP] Check Pods Manifest.lock */,
				24B447DF21559D4F002E4425 /* Sources */,
				24B447E021559D4F002E4425 /* Frameworks */,
				24B447E121559D4F002E4425 /* Resources */,
				DEC04F6044F19B478A898541 /* [CP] Embed Pods Frameworks */,
				CE849B3C4C5B38F7F13521E1 /* [CP] Copy Pods Resources */,
			);
			buildRules = (
			);
			dependencies = (
			);
			name = Remembral;
			productName = Remembral;
			productReference = 24B447E321559D4F002E4425 /* Remembral.app */;
			productType = "com.apple.product-type.application";
		};
		FB1B9AA5218E523E00D8A0B7 /* RemembralTests */ = {
			isa = PBXNativeTarget;
			buildConfigurationList = FB1B9AAF218E523F00D8A0B7 /* Build configuration list for PBXNativeTarget "RemembralTests" */;
			buildPhases = (
				FB1B9AA2218E523E00D8A0B7 /* Sources */,
				FB1B9AA3218E523E00D8A0B7 /* Frameworks */,
				FB1B9AA4218E523E00D8A0B7 /* Resources */,
			);
			buildRules = (
			);
			dependencies = (
				FB1B9AAC218E523F00D8A0B7 /* PBXTargetDependency */,
			);
			name = RemembralTests;
			productName = RemembralTests;
			productReference = FB1B9AA6218E523E00D8A0B7 /* RemembralTests.xctest */;
			productType = "com.apple.product-type.bundle.unit-test";
		};
		FB1B9AB7218E589A00D8A0B7 /* RemembralUITests */ = {
			isa = PBXNativeTarget;
			buildConfigurationList = FB1B9ABF218E589A00D8A0B7 /* Build configuration list for PBXNativeTarget "RemembralUITests" */;
			buildPhases = (
				FB1B9AB4218E589A00D8A0B7 /* Sources */,
				FB1B9AB5218E589A00D8A0B7 /* Frameworks */,
				FB1B9AB6218E589A00D8A0B7 /* Resources */,
			);
			buildRules = (
			);
			dependencies = (
				FB1B9ABE218E589A00D8A0B7 /* PBXTargetDependency */,
			);
			name = RemembralUITests;
			productName = RemembralUITests;
			productReference = FB1B9AB8218E589A00D8A0B7 /* RemembralUITests.xctest */;
			productType = "com.apple.product-type.bundle.ui-testing";
		};
/* End PBXNativeTarget section */

/* Begin PBXProject section */
		24B447DB21559D4F002E4425 /* Project object */ = {
			isa = PBXProject;
			attributes = {
				LastSwiftUpdateCheck = 0940;
				LastUpgradeCheck = 0940;
				ORGANIZATIONNAME = "Aayush Malhotra";
				TargetAttributes = {
					24B447E221559D4F002E4425 = {
						CreatedOnToolsVersion = 9.4.1;
						LastSwiftMigration = 0940;
						ProvisioningStyle = Automatic;
					};
					FB1B9AA5218E523E00D8A0B7 = {
						CreatedOnToolsVersion = 9.4.1;
						ProvisioningStyle = Automatic;
						TestTargetID = 24B447E221559D4F002E4425;
					};
					FB1B9AB7218E589A00D8A0B7 = {
						CreatedOnToolsVersion = 9.4.1;
						ProvisioningStyle = Automatic;
						TestTargetID = 24B447E221559D4F002E4425;
					};
				};
			};
			buildConfigurationList = 24B447DE21559D4F002E4425 /* Build configuration list for PBXProject "Remembral" */;
			compatibilityVersion = "Xcode 8.0";
			developmentRegion = en;
			hasScannedForEncodings = 0;
			knownRegions = (
				en,
				Base,
			);
			mainGroup = 24B447DA21559D4F002E4425;
			productRefGroup = 24B447E421559D4F002E4425 /* Products */;
			projectDirPath = "";
			projectRoot = "";
			targets = (
				24B447E221559D4F002E4425 /* Remembral */,
				FB1B9AA5218E523E00D8A0B7 /* RemembralTests */,
				FB1B9AB7218E589A00D8A0B7 /* RemembralUITests */,
			);
		};
/* End PBXProject section */

/* Begin PBXResourcesBuildPhase section */
		24B447E121559D4F002E4425 /* Resources */ = {
			isa = PBXResourcesBuildPhase;
			buildActionMask = 2147483647;
			files = (
				24B447F321559D4F002E4425 /* LaunchScreen.storyboard in Resources */,
				24A0250C2183C96D007F91A3 /* GoogleService-Info.plist in Resources */,
				24B447F021559D4F002E4425 /* Assets.xcassets in Resources */,
				24B447EE21559D4F002E4425 /* Main.storyboard in Resources */,
			);
			runOnlyForDeploymentPostprocessing = 0;
		};
		FB1B9AA4218E523E00D8A0B7 /* Resources */ = {
			isa = PBXResourcesBuildPhase;
			buildActionMask = 2147483647;
			files = (
			);
			runOnlyForDeploymentPostprocessing = 0;
		};
		FB1B9AB6218E589A00D8A0B7 /* Resources */ = {
			isa = PBXResourcesBuildPhase;
			buildActionMask = 2147483647;
			files = (
			);
			runOnlyForDeploymentPostprocessing = 0;
		};
/* End PBXResourcesBuildPhase section */

/* Begin PBXShellScriptBuildPhase section */
		C49CE3F9D81C139C3D9E5044 /* [CP] Check Pods Manifest.lock */ = {
			isa = PBXShellScriptBuildPhase;
			buildActionMask = 2147483647;
			files = (
			);
			inputPaths = (
				"${PODS_PODFILE_DIR_PATH}/Podfile.lock",
				"${PODS_ROOT}/Manifest.lock",
			);
			name = "[CP] Check Pods Manifest.lock";
			outputPaths = (
				"$(DERIVED_FILE_DIR)/Pods-Remembral-checkManifestLockResult.txt",
			);
			runOnlyForDeploymentPostprocessing = 0;
			shellPath = /bin/sh;
			shellScript = "diff \"${PODS_PODFILE_DIR_PATH}/Podfile.lock\" \"${PODS_ROOT}/Manifest.lock\" > /dev/null\nif [ $? != 0 ] ; then\n    # print error to STDERR\n    echo \"error: The sandbox is not in sync with the Podfile.lock. Run 'pod install' or update your CocoaPods installation.\" >&2\n    exit 1\nfi\n# This output is used by Xcode 'outputs' to avoid re-running this script phase.\necho \"SUCCESS\" > \"${SCRIPT_OUTPUT_FILE_0}\"\n";
			showEnvVarsInLog = 0;
		};
		CE849B3C4C5B38F7F13521E1 /* [CP] Copy Pods Resources */ = {
			isa = PBXShellScriptBuildPhase;
			buildActionMask = 2147483647;
			files = (
			);
			inputPaths = (
				"${SRCROOT}/Pods/Target Support Files/Pods-Remembral/Pods-Remembral-resources.sh",
				"${PODS_ROOT}/GoogleMaps/Maps/Frameworks/GoogleMaps.framework/Resources/GoogleMaps.bundle",
				"${PODS_ROOT}/GooglePlaces/Frameworks/GooglePlaces.framework/Resources/GooglePlaces.bundle",
			);
			name = "[CP] Copy Pods Resources";
			outputPaths = (
				"${TARGET_BUILD_DIR}/${UNLOCALIZED_RESOURCES_FOLDER_PATH}/GoogleMaps.bundle",
				"${TARGET_BUILD_DIR}/${UNLOCALIZED_RESOURCES_FOLDER_PATH}/GooglePlaces.bundle",
			);
			runOnlyForDeploymentPostprocessing = 0;
			shellPath = /bin/sh;
			shellScript = "\"${SRCROOT}/Pods/Target Support Files/Pods-Remembral/Pods-Remembral-resources.sh\"\n";
			showEnvVarsInLog = 0;
		};
		DEC04F6044F19B478A898541 /* [CP] Embed Pods Frameworks */ = {
			isa = PBXShellScriptBuildPhase;
			buildActionMask = 2147483647;
			files = (
			);
			inputPaths = (
				"${SRCROOT}/Pods/Target Support Files/Pods-Remembral/Pods-Remembral-frameworks.sh",
				"${BUILT_PRODUCTS_DIR}/GTMSessionFetcher/GTMSessionFetcher.framework",
				"${BUILT_PRODUCTS_DIR}/GoogleUtilities/GoogleUtilities.framework",
				"${BUILT_PRODUCTS_DIR}/SwiftKeychainWrapper/SwiftKeychainWrapper.framework",
				"${BUILT_PRODUCTS_DIR}/leveldb-library/leveldb.framework",
				"${BUILT_PRODUCTS_DIR}/nanopb/nanopb.framework",
			);
			name = "[CP] Embed Pods Frameworks";
			outputPaths = (
				"${TARGET_BUILD_DIR}/${FRAMEWORKS_FOLDER_PATH}/GTMSessionFetcher.framework",
				"${TARGET_BUILD_DIR}/${FRAMEWORKS_FOLDER_PATH}/GoogleUtilities.framework",
				"${TARGET_BUILD_DIR}/${FRAMEWORKS_FOLDER_PATH}/SwiftKeychainWrapper.framework",
				"${TARGET_BUILD_DIR}/${FRAMEWORKS_FOLDER_PATH}/leveldb.framework",
				"${TARGET_BUILD_DIR}/${FRAMEWORKS_FOLDER_PATH}/nanopb.framework",
			);
			runOnlyForDeploymentPostprocessing = 0;
			shellPath = /bin/sh;
			shellScript = "\"${SRCROOT}/Pods/Target Support Files/Pods-Remembral/Pods-Remembral-frameworks.sh\"\n";
			showEnvVarsInLog = 0;
		};
/* End PBXShellScriptBuildPhase section */

/* Begin PBXSourcesBuildPhase section */
		24B447DF21559D4F002E4425 /* Sources */ = {
			isa = PBXSourcesBuildPhase;
			buildActionMask = 2147483647;
			files = (
				C48F09D3218BF54600CEB128 /* CollectionViewCell.swift in Sources */,
				24B447EB21559D4F002E4425 /* ContactsViewController.swift in Sources */,
				24B447E721559D4F002E4425 /* AppDelegate.swift in Sources */,
				FF557EE32186B80900644DEF /* ReminderViewController.swift in Sources */,
				24F8EBB32187ADDA0069EA00 /* UserSelectorViewController.swift in Sources */,
				FB196335218D53A0003C604E /* CaretakerReminderViewController.swift in Sources */,
				24B447E921559D4F002E4425 /* PatientsHomeViewController.swift in Sources */,
				FFD6D3B32188D7DE0026EBB9 /* AddReminderViewController.swift in Sources */,
				FB196337218D56BE003C604E /* CaretakerHomeViewController.swift in Sources */,
				FFE21D55219A14FE008E624E /* CaretakerMapViewController.swift in Sources */,
				FB62D136217910D80048D9EA /* MapViewController.swift in Sources */,
				241122A2218B82A700C29B1D /* FirebaseDatabase.swift in Sources */,
				FB651A5D218A73D4004A9B61 /* ReminderTableViewCell.swift in Sources */,
				C48F09D5218BF59200CEB128 /* EditPersonalInfoViewController.swift in Sources */,
				FB8D2B7A218A8186001B81D3 /* PatientTabBarViewController.swift in Sources */,
			);
			runOnlyForDeploymentPostprocessing = 0;
		};
		FB1B9AA2218E523E00D8A0B7 /* Sources */ = {
			isa = PBXSourcesBuildPhase;
			buildActionMask = 2147483647;
			files = (
				FB1B9AA9218E523F00D8A0B7 /* RemembralTests.swift in Sources */,
				FB1B9AB1218E53E600D8A0B7 /* ReminderTests.swift in Sources */,
			);
			runOnlyForDeploymentPostprocessing = 0;
		};
		FB1B9AB4218E589A00D8A0B7 /* Sources */ = {
			isa = PBXSourcesBuildPhase;
			buildActionMask = 2147483647;
			files = (
				FBFE7BD5218E8CC000177BA1 /* CaretakerUITest.swift in Sources */,
				FBFE7BD3218E5FD300177BA1 /* PatientUITests.swift in Sources */,
			);
			runOnlyForDeploymentPostprocessing = 0;
		};
/* End PBXSourcesBuildPhase section */

/* Begin PBXTargetDependency section */
		FB1B9AAC218E523F00D8A0B7 /* PBXTargetDependency */ = {
			isa = PBXTargetDependency;
			target = 24B447E221559D4F002E4425 /* Remembral */;
			targetProxy = FB1B9AAB218E523F00D8A0B7 /* PBXContainerItemProxy */;
		};
		FB1B9ABE218E589A00D8A0B7 /* PBXTargetDependency */ = {
			isa = PBXTargetDependency;
			target = 24B447E221559D4F002E4425 /* Remembral */;
			targetProxy = FB1B9ABD218E589A00D8A0B7 /* PBXContainerItemProxy */;
		};
/* End PBXTargetDependency section */

/* Begin PBXVariantGroup section */
		24B447EC21559D4F002E4425 /* Main.storyboard */ = {
			isa = PBXVariantGroup;
			children = (
				24B447ED21559D4F002E4425 /* Base */,
			);
			name = Main.storyboard;
			sourceTree = "<group>";
		};
		24B447F121559D4F002E4425 /* LaunchScreen.storyboard */ = {
			isa = PBXVariantGroup;
			children = (
				24B447F221559D4F002E4425 /* Base */,
			);
			name = LaunchScreen.storyboard;
			sourceTree = "<group>";
		};
/* End PBXVariantGroup section */

/* Begin XCBuildConfiguration section */
		24B447F521559D4F002E4425 /* Debug */ = {
			isa = XCBuildConfiguration;
			buildSettings = {
				ALWAYS_SEARCH_USER_PATHS = NO;
				CLANG_ANALYZER_NONNULL = YES;
				CLANG_ANALYZER_NUMBER_OBJECT_CONVERSION = YES_AGGRESSIVE;
				CLANG_CXX_LANGUAGE_STANDARD = "gnu++14";
				CLANG_CXX_LIBRARY = "libc++";
				CLANG_ENABLE_MODULES = YES;
				CLANG_ENABLE_OBJC_ARC = YES;
				CLANG_ENABLE_OBJC_WEAK = YES;
				CLANG_WARN_BLOCK_CAPTURE_AUTORELEASING = YES;
				CLANG_WARN_BOOL_CONVERSION = YES;
				CLANG_WARN_COMMA = YES;
				CLANG_WARN_CONSTANT_CONVERSION = YES;
				CLANG_WARN_DEPRECATED_OBJC_IMPLEMENTATIONS = YES;
				CLANG_WARN_DIRECT_OBJC_ISA_USAGE = YES_ERROR;
				CLANG_WARN_DOCUMENTATION_COMMENTS = YES;
				CLANG_WARN_EMPTY_BODY = YES;
				CLANG_WARN_ENUM_CONVERSION = YES;
				CLANG_WARN_INFINITE_RECURSION = YES;
				CLANG_WARN_INT_CONVERSION = YES;
				CLANG_WARN_NON_LITERAL_NULL_CONVERSION = YES;
				CLANG_WARN_OBJC_IMPLICIT_RETAIN_SELF = YES;
				CLANG_WARN_OBJC_LITERAL_CONVERSION = YES;
				CLANG_WARN_OBJC_ROOT_CLASS = YES_ERROR;
				CLANG_WARN_RANGE_LOOP_ANALYSIS = YES;
				CLANG_WARN_STRICT_PROTOTYPES = YES;
				CLANG_WARN_SUSPICIOUS_MOVE = YES;
				CLANG_WARN_UNGUARDED_AVAILABILITY = YES_AGGRESSIVE;
				CLANG_WARN_UNREACHABLE_CODE = YES;
				CLANG_WARN__DUPLICATE_METHOD_MATCH = YES;
				CODE_SIGN_IDENTITY = "iPhone Developer";
				COPY_PHASE_STRIP = NO;
				DEBUG_INFORMATION_FORMAT = dwarf;
				ENABLE_STRICT_OBJC_MSGSEND = YES;
				ENABLE_TESTABILITY = YES;
				GCC_C_LANGUAGE_STANDARD = gnu11;
				GCC_DYNAMIC_NO_PIC = NO;
				GCC_NO_COMMON_BLOCKS = YES;
				GCC_OPTIMIZATION_LEVEL = 0;
				GCC_PREPROCESSOR_DEFINITIONS = (
					"DEBUG=1",
					"$(inherited)",
				);
				GCC_WARN_64_TO_32_BIT_CONVERSION = YES;
				GCC_WARN_ABOUT_RETURN_TYPE = YES_ERROR;
				GCC_WARN_UNDECLARED_SELECTOR = YES;
				GCC_WARN_UNINITIALIZED_AUTOS = YES_AGGRESSIVE;
				GCC_WARN_UNUSED_FUNCTION = YES;
				GCC_WARN_UNUSED_VARIABLE = YES;
				HEADER_SEARCH_PATHS = "";
				IPHONEOS_DEPLOYMENT_TARGET = 11.4;
				MTL_ENABLE_DEBUG_INFO = YES;
				ONLY_ACTIVE_ARCH = YES;
				SDKROOT = iphoneos;
				SWIFT_ACTIVE_COMPILATION_CONDITIONS = DEBUG;
				SWIFT_OPTIMIZATION_LEVEL = "-Onone";
			};
			name = Debug;
		};
		24B447F621559D4F002E4425 /* Release */ = {
			isa = XCBuildConfiguration;
			buildSettings = {
				ALWAYS_SEARCH_USER_PATHS = NO;
				CLANG_ANALYZER_NONNULL = YES;
				CLANG_ANALYZER_NUMBER_OBJECT_CONVERSION = YES_AGGRESSIVE;
				CLANG_CXX_LANGUAGE_STANDARD = "gnu++14";
				CLANG_CXX_LIBRARY = "libc++";
				CLANG_ENABLE_MODULES = YES;
				CLANG_ENABLE_OBJC_ARC = YES;
				CLANG_ENABLE_OBJC_WEAK = YES;
				CLANG_WARN_BLOCK_CAPTURE_AUTORELEASING = YES;
				CLANG_WARN_BOOL_CONVERSION = YES;
				CLANG_WARN_COMMA = YES;
				CLANG_WARN_CONSTANT_CONVERSION = YES;
				CLANG_WARN_DEPRECATED_OBJC_IMPLEMENTATIONS = YES;
				CLANG_WARN_DIRECT_OBJC_ISA_USAGE = YES_ERROR;
				CLANG_WARN_DOCUMENTATION_COMMENTS = YES;
				CLANG_WARN_EMPTY_BODY = YES;
				CLANG_WARN_ENUM_CONVERSION = YES;
				CLANG_WARN_INFINITE_RECURSION = YES;
				CLANG_WARN_INT_CONVERSION = YES;
				CLANG_WARN_NON_LITERAL_NULL_CONVERSION = YES;
				CLANG_WARN_OBJC_IMPLICIT_RETAIN_SELF = YES;
				CLANG_WARN_OBJC_LITERAL_CONVERSION = YES;
				CLANG_WARN_OBJC_ROOT_CLASS = YES_ERROR;
				CLANG_WARN_RANGE_LOOP_ANALYSIS = YES;
				CLANG_WARN_STRICT_PROTOTYPES = YES;
				CLANG_WARN_SUSPICIOUS_MOVE = YES;
				CLANG_WARN_UNGUARDED_AVAILABILITY = YES_AGGRESSIVE;
				CLANG_WARN_UNREACHABLE_CODE = YES;
				CLANG_WARN__DUPLICATE_METHOD_MATCH = YES;
				CODE_SIGN_IDENTITY = "iPhone Developer";
				COPY_PHASE_STRIP = NO;
				DEBUG_INFORMATION_FORMAT = "dwarf-with-dsym";
				ENABLE_NS_ASSERTIONS = NO;
				ENABLE_STRICT_OBJC_MSGSEND = YES;
				GCC_C_LANGUAGE_STANDARD = gnu11;
				GCC_NO_COMMON_BLOCKS = YES;
				GCC_WARN_64_TO_32_BIT_CONVERSION = YES;
				GCC_WARN_ABOUT_RETURN_TYPE = YES_ERROR;
				GCC_WARN_UNDECLARED_SELECTOR = YES;
				GCC_WARN_UNINITIALIZED_AUTOS = YES_AGGRESSIVE;
				GCC_WARN_UNUSED_FUNCTION = YES;
				GCC_WARN_UNUSED_VARIABLE = YES;
				IPHONEOS_DEPLOYMENT_TARGET = 11.4;
				MTL_ENABLE_DEBUG_INFO = NO;
				SDKROOT = iphoneos;
				SWIFT_OPTIMIZATION_LEVEL = "-Owholemodule";
				VALIDATE_PRODUCT = YES;
			};
			name = Release;
		};
		24B447F821559D4F002E4425 /* Debug */ = {
			isa = XCBuildConfiguration;
			baseConfigurationReference = 18BA0D1F5C3C264CE6C13FE7 /* Pods-Remembral.debug.xcconfig */;
			buildSettings = {
				ASSETCATALOG_COMPILER_APPICON_NAME = AppIcon;
				CLANG_ENABLE_MODULES = YES;
				CODE_SIGN_STYLE = Automatic;
				DEVELOPMENT_TEAM = 2BH224M2WW;
				HEADER_SEARCH_PATHS = (
					"\"$(inherited)\"",
					"\"${PODS_ROOT}/Firebase/CoreOnly/Sources\"",
					"\"${PODS_ROOT}/Headers/Public\"",
					"\"${PODS_ROOT}/Headers/Public/Firebase\"",
					"\"${PODS_ROOT}/Headers/Public/FirebaseAuthInterop\"",
				);
				INFOPLIST_FILE = Remembral/Info.plist;
				LD_RUNPATH_SEARCH_PATHS = "$(inherited) @executable_path/Frameworks";
				PRODUCT_BUNDLE_IDENTIFIER = com.sfu.RemembralTest;
				PRODUCT_NAME = "$(TARGET_NAME)";
				SWIFT_INSTALL_OBJC_HEADER = YES;
				SWIFT_OBJC_BRIDGING_HEADER = "";
				SWIFT_OPTIMIZATION_LEVEL = "-Onone";
				SWIFT_VERSION = 4.0;
				TARGETED_DEVICE_FAMILY = "1,2";
			};
			name = Debug;
		};
		24B447F921559D4F002E4425 /* Release */ = {
			isa = XCBuildConfiguration;
			baseConfigurationReference = 54567D690C3D2D53F6CAACF8 /* Pods-Remembral.release.xcconfig */;
			buildSettings = {
				ASSETCATALOG_COMPILER_APPICON_NAME = AppIcon;
				CLANG_ENABLE_MODULES = YES;
				CODE_SIGN_STYLE = Automatic;
				DEVELOPMENT_TEAM = 2BH224M2WW;
				HEADER_SEARCH_PATHS = (
					"\"$(inherited)\"",
					"\"${PODS_ROOT}/Firebase/CoreOnly/Sources\"",
					"\"${PODS_ROOT}/Headers/Public\"",
					"\"${PODS_ROOT}/Headers/Public/Firebase\"",
					"\"${PODS_ROOT}/Headers/Public/FirebaseAuthInterop\"",
				);
				INFOPLIST_FILE = Remembral/Info.plist;
				LD_RUNPATH_SEARCH_PATHS = "$(inherited) @executable_path/Frameworks";
				PRODUCT_BUNDLE_IDENTIFIER = com.sfu.RemembralTest;
				PRODUCT_NAME = "$(TARGET_NAME)";
				SWIFT_INSTALL_OBJC_HEADER = YES;
				SWIFT_OBJC_BRIDGING_HEADER = "";
				SWIFT_VERSION = 4.0;
				TARGETED_DEVICE_FAMILY = "1,2";
			};
			name = Release;
		};
		FB1B9AAD218E523F00D8A0B7 /* Debug */ = {
			isa = XCBuildConfiguration;
			buildSettings = {
				BUNDLE_LOADER = "$(TEST_HOST)";
				CODE_SIGN_STYLE = Automatic;
				HEADER_SEARCH_PATHS = (
					"$(SRCROOT)/Pods",
					"${PODS_ROOT}/Firebase/CoreOnly/Sources\"",
				);
				INFOPLIST_FILE = RemembralTests/Info.plist;
				LD_RUNPATH_SEARCH_PATHS = "$(inherited) @executable_path/Frameworks @loader_path/Frameworks";
				PRODUCT_BUNDLE_IDENTIFIER = com.sfu.RemembralTests;
				PRODUCT_NAME = "$(TARGET_NAME)";
				SWIFT_VERSION = 4.0;
				TARGETED_DEVICE_FAMILY = "1,2";
				TEST_HOST = "$(BUILT_PRODUCTS_DIR)/Remembral.app/Remembral";
			};
			name = Debug;
		};
		FB1B9AAE218E523F00D8A0B7 /* Release */ = {
			isa = XCBuildConfiguration;
			buildSettings = {
				BUNDLE_LOADER = "$(TEST_HOST)";
				CODE_SIGN_STYLE = Automatic;
				HEADER_SEARCH_PATHS = (
					"$(SRCROOT)/Pods",
					"${PODS_ROOT}/Firebase/CoreOnly/Sources\"",
				);
				INFOPLIST_FILE = RemembralTests/Info.plist;
				LD_RUNPATH_SEARCH_PATHS = "$(inherited) @executable_path/Frameworks @loader_path/Frameworks";
				PRODUCT_BUNDLE_IDENTIFIER = com.sfu.RemembralTests;
				PRODUCT_NAME = "$(TARGET_NAME)";
				SWIFT_VERSION = 4.0;
				TARGETED_DEVICE_FAMILY = "1,2";
				TEST_HOST = "$(BUILT_PRODUCTS_DIR)/Remembral.app/Remembral";
			};
			name = Release;
		};
		FB1B9AC0218E589A00D8A0B7 /* Debug */ = {
			isa = XCBuildConfiguration;
			buildSettings = {
				CODE_SIGN_STYLE = Automatic;
				INFOPLIST_FILE = RemembralUITests/Info.plist;
				LD_RUNPATH_SEARCH_PATHS = "$(inherited) @executable_path/Frameworks @loader_path/Frameworks";
				PRODUCT_BUNDLE_IDENTIFIER = com.sfu.RemembralUITests;
				PRODUCT_NAME = "$(TARGET_NAME)";
				SWIFT_VERSION = 4.0;
				TARGETED_DEVICE_FAMILY = "1,2";
				TEST_TARGET_NAME = Remembral;
			};
			name = Debug;
		};
		FB1B9AC1218E589A00D8A0B7 /* Release */ = {
			isa = XCBuildConfiguration;
			buildSettings = {
				CODE_SIGN_STYLE = Automatic;
				INFOPLIST_FILE = RemembralUITests/Info.plist;
				LD_RUNPATH_SEARCH_PATHS = "$(inherited) @executable_path/Frameworks @loader_path/Frameworks";
				PRODUCT_BUNDLE_IDENTIFIER = com.sfu.RemembralUITests;
				PRODUCT_NAME = "$(TARGET_NAME)";
				SWIFT_VERSION = 4.0;
				TARGETED_DEVICE_FAMILY = "1,2";
				TEST_TARGET_NAME = Remembral;
			};
			name = Release;
		};
/* End XCBuildConfiguration section */

/* Begin XCConfigurationList section */
		24B447DE21559D4F002E4425 /* Build configuration list for PBXProject "Remembral" */ = {
			isa = XCConfigurationList;
			buildConfigurations = (
				24B447F521559D4F002E4425 /* Debug */,
				24B447F621559D4F002E4425 /* Release */,
			);
			defaultConfigurationIsVisible = 0;
			defaultConfigurationName = Release;
		};
		24B447F721559D4F002E4425 /* Build configuration list for PBXNativeTarget "Remembral" */ = {
			isa = XCConfigurationList;
			buildConfigurations = (
				24B447F821559D4F002E4425 /* Debug */,
				24B447F921559D4F002E4425 /* Release */,
			);
			defaultConfigurationIsVisible = 0;
			defaultConfigurationName = Release;
		};
		FB1B9AAF218E523F00D8A0B7 /* Build configuration list for PBXNativeTarget "RemembralTests" */ = {
			isa = XCConfigurationList;
			buildConfigurations = (
				FB1B9AAD218E523F00D8A0B7 /* Debug */,
				FB1B9AAE218E523F00D8A0B7 /* Release */,
			);
			defaultConfigurationIsVisible = 0;
			defaultConfigurationName = Release;
		};
		FB1B9ABF218E589A00D8A0B7 /* Build configuration list for PBXNativeTarget "RemembralUITests" */ = {
			isa = XCConfigurationList;
			buildConfigurations = (
				FB1B9AC0218E589A00D8A0B7 /* Debug */,
				FB1B9AC1218E589A00D8A0B7 /* Release */,
			);
			defaultConfigurationIsVisible = 0;
			defaultConfigurationName = Release;
		};
/* End XCConfigurationList section */
	};
	rootObject = 24B447DB21559D4F002E4425 /* Project object */;
}
